# This file is automatically @generated by Cargo.
# It is not intended for manual editing.
version = 3

[[package]]
name = "linked-hash-map"
version = "0.5.6"
source = "registry+https://github.com/rust-lang/crates.io-index"
checksum = "0717cef1bc8b636c6e1c1bbdefc09e6322da8a9321966e8928ef80d20f7f770f"

[[package]]
name = "proc-macro2"
version = "1.0.66"
source = "registry+https://github.com/rust-lang/crates.io-index"
checksum = "18fb31db3f9bddb2ea821cde30a9f70117e3f119938b5ee630b7403aa6e2ead9"
dependencies = [
 "unicode-ident",
]

[[package]]
name = "quote"
version = "1.0.32"
source = "registry+https://github.com/rust-lang/crates.io-index"
checksum = "50f3b39ccfb720540debaa0164757101c08ecb8d326b15358ce76a62c7e85965"
dependencies = [
 "proc-macro2",
]

[[package]]
name = "unicode-ident"
version = "1.0.11"
source = "registry+https://github.com/rust-lang/crates.io-index"
checksum = "301abaae475aa91687eb82514b328ab47a211a533026cb25fc3e519b86adfc3c"

[[package]]
name = "vswg"
version = "0.1.0"
source = "git+https://github.com/OpenPhysicsNotes/vswg#c5d6f89996492ec41c683b73f24e45fd340e3024"

[[package]]
name = "website"
version = "0.1.0"
dependencies = [
 "vswg",
 "write-html",
 "yaml-rust",
]

[[package]]
name = "write-html"
version = "0.1.3"
source = "registry+https://github.com/rust-lang/crates.io-index"
checksum = "ee0e4bdc20d7b3825d32b6a4da8131fe26b2bd9f043a0e186e02aec7057df409"
dependencies = [
 "write-html-macro",
]

[[package]]
name = "write-html-macro"
version = "0.1.2"
source = "registry+https://github.com/rust-lang/crates.io-index"
checksum = "4cabfd9e3657962c2e2652a66be3a65504cb8ec5fcf4ba278b3961f6a7e2b1d2"
dependencies = [
 "proc-macro2",
 "quote",
]

[[package]]
name = "yaml-rust"
version = "0.4.5"
source = "registry+https://github.com/rust-lang/crates.io-index"
checksum = "56c1936c4cc7a1c9ab21a1ebb602eb942ba868cbd44a99cb7cdc5892335e1c85"
dependencies = [
 "linked-hash-map",
]
